
Microsoft Visual Studio Solution File, Format Version 12.00
# Visual Studio Version 17
VisualStudioVersion = 17.14.36408.4 d17.14
MinimumVisualStudioVersion = 10.0.40219.1
Project("{FAE04EC0-301F-11D3-BF4B-00C04F79EFBC}") = "Day8_DataAccess", "Day8_DataAccess.csproj", "{B64C1258-0C3F-4A06-A350-6DC0397776E7}"
EndProject
Global
	GlobalSection(SolutionConfigurationPlatforms) = preSolution
		Debug|Any CPU = Debug|Any CPU
		Release|Any CPU = Release|Any CPU
	EndGlobalSection
	GlobalSection(ProjectConfigurationPlatforms) = postSolution
		{B64C1258-0C3F-4A06-A350-6DC0397776E7}.Debug|Any CPU.ActiveCfg = Debug|Any CPU
		{B64C1258-0C3F-4A06-A350-6DC0397776E7}.Debug|Any CPU.Build.0 = Debug|Any CPU
		{B64C1258-0C3F-4A06-A350-6DC0397776E7}.Release|Any CPU.ActiveCfg = Release|Any CPU
		{B64C1258-0C3F-4A06-A350-6DC0397776E7}.Release|Any CPU.Build.0 = Release|Any CPU
	EndGlobalSection
	GlobalSection(SolutionProperties) = preSolution
		HideSolutionNode = FALSE
	EndGlobalSection
	GlobalSection(ExtensibilityGlobals) = postSolution
		SolutionGuid = {FD7C417E-77DE-4574-AB4C-7D4C1BC44812}
	EndGlobalSection
EndGlobal
