
Microsoft Visual Studio Solution File, Format Version 12.00
# Visual Studio Version 17
VisualStudioVersion = 17.14.36408.4 d17.14
MinimumVisualStudioVersion = 10.0.40219.1
Project("{FAE04EC0-301F-11D3-BF4B-00C04F79EFBC}") = "NetCoreMVCLAB5", "NetCoreMVCLAB5.csproj", "{571A1B69-228E-40FF-9BE0-E503B4540DC6}"
EndProject
Global
	GlobalSection(SolutionConfigurationPlatforms) = preSolution
		Debug|Any CPU = Debug|Any CPU
		Release|Any CPU = Release|Any CPU
	EndGlobalSection
	GlobalSection(ProjectConfigurationPlatforms) = postSolution
		{571A1B69-228E-40FF-9BE0-E503B4540DC6}.Debug|Any CPU.ActiveCfg = Debug|Any CPU
		{571A1B69-228E-40FF-9BE0-E503B4540DC6}.Debug|Any CPU.Build.0 = Debug|Any CPU
		{571A1B69-228E-40FF-9BE0-E503B4540DC6}.Release|Any CPU.ActiveCfg = Release|Any CPU
		{571A1B69-228E-40FF-9BE0-E503B4540DC6}.Release|Any CPU.Build.0 = Release|Any CPU
	EndGlobalSection
	GlobalSection(SolutionProperties) = preSolution
		HideSolutionNode = FALSE
	EndGlobalSection
	GlobalSection(ExtensibilityGlobals) = postSolution
		SolutionGuid = {3D32B339-6D5F-45FE-BEE5-5E24B750FD86}
	EndGlobalSection
EndGlobal
