
Microsoft Visual Studio Solution File, Format Version 12.00
# Visual Studio Version 17
VisualStudioVersion = 17.14.36408.4 d17.14
MinimumVisualStudioVersion = 10.0.40219.1
Project("{FAE04EC0-301F-11D3-BF4B-00C04F79EFBC}") = "TvcDay09", "TvcDay09.csproj", "{C05829EE-000C-494E-9D15-5FDBADFAC73E}"
EndProject
Global
	GlobalSection(SolutionConfigurationPlatforms) = preSolution
		Debug|Any CPU = Debug|Any CPU
		Release|Any CPU = Release|Any CPU
	EndGlobalSection
	GlobalSection(ProjectConfigurationPlatforms) = postSolution
		{C05829EE-000C-494E-9D15-5FDBADFAC73E}.Debug|Any CPU.ActiveCfg = Debug|Any CPU
		{C05829EE-000C-494E-9D15-5FDBADFAC73E}.Debug|Any CPU.Build.0 = Debug|Any CPU
		{C05829EE-000C-494E-9D15-5FDBADFAC73E}.Release|Any CPU.ActiveCfg = Release|Any CPU
		{C05829EE-000C-494E-9D15-5FDBADFAC73E}.Release|Any CPU.Build.0 = Release|Any CPU
	EndGlobalSection
	GlobalSection(SolutionProperties) = preSolution
		HideSolutionNode = FALSE
	EndGlobalSection
	GlobalSection(ExtensibilityGlobals) = postSolution
		SolutionGuid = {A4BE1548-FB94-4805-A9F0-AFA854674AF8}
	EndGlobalSection
EndGlobal
